// !$*UTF8*$!
{
	archiveVersion = 1;
	classes = {
	};
	objectVersion = 55;
	objects = {

/* Begin PBXBuildFile section */
		7648A47B274B5B7400AAC9A4 /* AppDelegate.swift in Sources */ = {isa = PBXBuildFile; fileRef = 7648A47A274B5B7400AAC9A4 /* AppDelegate.swift */; };
		7648A47D274B5B7400AAC9A4 /* SceneDelegate.swift in Sources */ = {isa = PBXBuildFile; fileRef = 7648A47C274B5B7400AAC9A4 /* SceneDelegate.swift */; };
		7648A482274B5B7400AAC9A4 /* Main.storyboard in Resources */ = {isa = PBXBuildFile; fileRef = 7648A480274B5B7400AAC9A4 /* Main.storyboard */; };
		7648A485274B5B7400AAC9A4 /* FlickerAPITask.xcdatamodeld in Sources */ = {isa = PBXBuildFile; fileRef = 7648A483274B5B7400AAC9A4 /* FlickerAPITask.xcdatamodeld */; };
		7648A487274B5B7800AAC9A4 /* Assets.xcassets in Resources */ = {isa = PBXBuildFile; fileRef = 7648A486274B5B7800AAC9A4 /* Assets.xcassets */; };
		7648A48A274B5B7800AAC9A4 /* LaunchScreen.storyboard in Resources */ = {isa = PBXBuildFile; fileRef = 7648A488274B5B7800AAC9A4 /* LaunchScreen.storyboard */; };
		7648A495274B5B7900AAC9A4 /* FlickerAPITaskTests.swift in Sources */ = {isa = PBXBuildFile; fileRef = 7648A494274B5B7900AAC9A4 /* FlickerAPITaskTests.swift */; };
		7648A49F274B5B7900AAC9A4 /* FlickerAPITaskUITests.swift in Sources */ = {isa = PBXBuildFile; fileRef = 7648A49E274B5B7900AAC9A4 /* FlickerAPITaskUITests.swift */; };
		7648A4A1274B5B7900AAC9A4 /* FlickerAPITaskUITestsLaunchTests.swift in Sources */ = {isa = PBXBuildFile; fileRef = 7648A4A0274B5B7900AAC9A4 /* FlickerAPITaskUITestsLaunchTests.swift */; };
		7648A4AE274B5C5400AAC9A4 /* TabBarViewController.swift in Sources */ = {isa = PBXBuildFile; fileRef = 7648A4AD274B5C5400AAC9A4 /* TabBarViewController.swift */; };
		7648A4B0274B5D7000AAC9A4 /* PhotosCollectionViewController.swift in Sources */ = {isa = PBXBuildFile; fileRef = 7648A4AF274B5D7000AAC9A4 /* PhotosCollectionViewController.swift */; };
		7648A4B3274B5DA000AAC9A4 /* CollectionViewPhotoCell.swift in Sources */ = {isa = PBXBuildFile; fileRef = 7648A4B1274B5DA000AAC9A4 /* CollectionViewPhotoCell.swift */; };
		7648A4B4274B5DA000AAC9A4 /* CollectionViewPhotoCell.xib in Resources */ = {isa = PBXBuildFile; fileRef = 7648A4B2274B5DA000AAC9A4 /* CollectionViewPhotoCell.xib */; };
		7648A4B6274B635100AAC9A4 /* PhotoFeed.swift in Sources */ = {isa = PBXBuildFile; fileRef = 7648A4B5274B635100AAC9A4 /* PhotoFeed.swift */; };
		7648A4B8274B63DA00AAC9A4 /* APIConstants.swift in Sources */ = {isa = PBXBuildFile; fileRef = 7648A4B7274B63DA00AAC9A4 /* APIConstants.swift */; };
		7648A4BE274B667200AAC9A4 /* PhotoFeedNetworkService.swift in Sources */ = {isa = PBXBuildFile; fileRef = 7648A4BD274B667200AAC9A4 /* PhotoFeedNetworkService.swift */; };
		76AB7418274C9C3900F577E5 /* FavouritesCollectionViewController.swift in Sources */ = {isa = PBXBuildFile; fileRef = 76AB7417274C9C3900F577E5 /* FavouritesCollectionViewController.swift */; };
		76AB741A274CA29E00F577E5 /* Favourites+Extension.swift in Sources */ = {isa = PBXBuildFile; fileRef = 76AB7419274CA29E00F577E5 /* Favourites+Extension.swift */; };
		76AB741D274CA2DB00F577E5 /* Favourites+CoreDataClass.swift in Sources */ = {isa = PBXBuildFile; fileRef = 76AB741B274CA2DB00F577E5 /* Favourites+CoreDataClass.swift */; };
		76AB741E274CA2DB00F577E5 /* Favourites+CoreDataProperties.swift in Sources */ = {isa = PBXBuildFile; fileRef = 76AB741C274CA2DB00F577E5 /* Favourites+CoreDataProperties.swift */; };
		CD3BCAF4274BB0BB0078D593 /* UIView+Extension.swift in Sources */ = {isa = PBXBuildFile; fileRef = CD3BCAF3274BB0BB0078D593 /* UIView+Extension.swift */; };
		CD3BCAF6274BB0E40078D593 /* UIImage+Extension.swift in Sources */ = {isa = PBXBuildFile; fileRef = CD3BCAF5274BB0E40078D593 /* UIImage+Extension.swift */; };
		CD3BCAF9274C1B190078D593 /* Observable.swift in Sources */ = {isa = PBXBuildFile; fileRef = CD3BCAF8274C1B190078D593 /* Observable.swift */; };
		CD3BCAFB274C7EF50078D593 /* PhotoFeedViewModel.swift in Sources */ = {isa = PBXBuildFile; fileRef = CD3BCAFA274C7EF50078D593 /* PhotoFeedViewModel.swift */; };
		CD3BCAFD274C801F0078D593 /* PhotoFeedCollectionViewCellViewModel.swift in Sources */ = {isa = PBXBuildFile; fileRef = CD3BCAFC274C801F0078D593 /* PhotoFeedCollectionViewCellViewModel.swift */; };
/* End PBXBuildFile section */

/* Begin PBXContainerItemProxy section */
		7648A491274B5B7900AAC9A4 /* PBXContainerItemProxy */ = {
			isa = PBXContainerItemProxy;
			containerPortal = 7648A46F274B5B7300AAC9A4 /* Project object */;
			proxyType = 1;
			remoteGlobalIDString = 7648A476274B5B7400AAC9A4;
			remoteInfo = FlickerAPITask;
		};
		7648A49B274B5B7900AAC9A4 /* PBXContainerItemProxy */ = {
			isa = PBXContainerItemProxy;
			containerPortal = 7648A46F274B5B7300AAC9A4 /* Project object */;
			proxyType = 1;
			remoteGlobalIDString = 7648A476274B5B7400AAC9A4;
			remoteInfo = FlickerAPITask;
		};
/* End PBXContainerItemProxy section */

/* Begin PBXFileReference section */
		7648A477274B5B7400AAC9A4 /* FlickerAPITask.app */ = {isa = PBXFileReference; explicitFileType = wrapper.application; includeInIndex = 0; path = FlickerAPITask.app; sourceTree = BUILT_PRODUCTS_DIR; };
		7648A47A274B5B7400AAC9A4 /* AppDelegate.swift */ = {isa = PBXFileReference; lastKnownFileType = sourcecode.swift; path = AppDelegate.swift; sourceTree = "<group>"; };
		7648A47C274B5B7400AAC9A4 /* SceneDelegate.swift */ = {isa = PBXFileReference; lastKnownFileType = sourcecode.swift; path = SceneDelegate.swift; sourceTree = "<group>"; };
		7648A481274B5B7400AAC9A4 /* Base */ = {isa = PBXFileReference; lastKnownFileType = file.storyboard; name = Base; path = Base.lproj/Main.storyboard; sourceTree = "<group>"; };
		7648A484274B5B7400AAC9A4 /* FlickerAPITask.xcdatamodel */ = {isa = PBXFileReference; lastKnownFileType = wrapper.xcdatamodel; path = FlickerAPITask.xcdatamodel; sourceTree = "<group>"; };
		7648A486274B5B7800AAC9A4 /* Assets.xcassets */ = {isa = PBXFileReference; lastKnownFileType = folder.assetcatalog; path = Assets.xcassets; sourceTree = "<group>"; };
		7648A489274B5B7800AAC9A4 /* Base */ = {isa = PBXFileReference; lastKnownFileType = file.storyboard; name = Base; path = Base.lproj/LaunchScreen.storyboard; sourceTree = "<group>"; };
		7648A48B274B5B7800AAC9A4 /* Info.plist */ = {isa = PBXFileReference; lastKnownFileType = text.plist.xml; path = Info.plist; sourceTree = "<group>"; };
		7648A490274B5B7900AAC9A4 /* FlickerAPITaskTests.xctest */ = {isa = PBXFileReference; explicitFileType = wrapper.cfbundle; includeInIndex = 0; path = FlickerAPITaskTests.xctest; sourceTree = BUILT_PRODUCTS_DIR; };
		7648A494274B5B7900AAC9A4 /* FlickerAPITaskTests.swift */ = {isa = PBXFileReference; lastKnownFileType = sourcecode.swift; path = FlickerAPITaskTests.swift; sourceTree = "<group>"; };
		7648A49A274B5B7900AAC9A4 /* FlickerAPITaskUITests.xctest */ = {isa = PBXFileReference; explicitFileType = wrapper.cfbundle; includeInIndex = 0; path = FlickerAPITaskUITests.xctest; sourceTree = BUILT_PRODUCTS_DIR; };
		7648A49E274B5B7900AAC9A4 /* FlickerAPITaskUITests.swift */ = {isa = PBXFileReference; lastKnownFileType = sourcecode.swift; path = FlickerAPITaskUITests.swift; sourceTree = "<group>"; };
		7648A4A0274B5B7900AAC9A4 /* FlickerAPITaskUITestsLaunchTests.swift */ = {isa = PBXFileReference; lastKnownFileType = sourcecode.swift; path = FlickerAPITaskUITestsLaunchTests.swift; sourceTree = "<group>"; };
		7648A4AD274B5C5400AAC9A4 /* TabBarViewController.swift */ = {isa = PBXFileReference; lastKnownFileType = sourcecode.swift; path = TabBarViewController.swift; sourceTree = "<group>"; };
		7648A4AF274B5D7000AAC9A4 /* PhotosCollectionViewController.swift */ = {isa = PBXFileReference; lastKnownFileType = sourcecode.swift; path = PhotosCollectionViewController.swift; sourceTree = "<group>"; };
		7648A4B1274B5DA000AAC9A4 /* CollectionViewPhotoCell.swift */ = {isa = PBXFileReference; lastKnownFileType = sourcecode.swift; path = CollectionViewPhotoCell.swift; sourceTree = "<group>"; };
		7648A4B2274B5DA000AAC9A4 /* CollectionViewPhotoCell.xib */ = {isa = PBXFileReference; lastKnownFileType = file.xib; path = CollectionViewPhotoCell.xib; sourceTree = "<group>"; };
		7648A4B5274B635100AAC9A4 /* PhotoFeed.swift */ = {isa = PBXFileReference; lastKnownFileType = sourcecode.swift; path = PhotoFeed.swift; sourceTree = "<group>"; };
		7648A4B7274B63DA00AAC9A4 /* APIConstants.swift */ = {isa = PBXFileReference; lastKnownFileType = sourcecode.swift; path = APIConstants.swift; sourceTree = "<group>"; };
		7648A4BD274B667200AAC9A4 /* PhotoFeedNetworkService.swift */ = {isa = PBXFileReference; lastKnownFileType = sourcecode.swift; path = PhotoFeedNetworkService.swift; sourceTree = "<group>"; };
		76AB7417274C9C3900F577E5 /* FavouritesCollectionViewController.swift */ = {isa = PBXFileReference; lastKnownFileType = sourcecode.swift; path = FavouritesCollectionViewController.swift; sourceTree = "<group>"; };
		76AB7419274CA29E00F577E5 /* Favourites+Extension.swift */ = {isa = PBXFileReference; lastKnownFileType = sourcecode.swift; path = "Favourites+Extension.swift"; sourceTree = "<group>"; };
		76AB741B274CA2DB00F577E5 /* Favourites+CoreDataClass.swift */ = {isa = PBXFileReference; lastKnownFileType = sourcecode.swift; path = "Favourites+CoreDataClass.swift"; sourceTree = "<group>"; };
		76AB741C274CA2DB00F577E5 /* Favourites+CoreDataProperties.swift */ = {isa = PBXFileReference; lastKnownFileType = sourcecode.swift; path = "Favourites+CoreDataProperties.swift"; sourceTree = "<group>"; };
		CD3BCAF3274BB0BB0078D593 /* UIView+Extension.swift */ = {isa = PBXFileReference; lastKnownFileType = sourcecode.swift; path = "UIView+Extension.swift"; sourceTree = "<group>"; };
		CD3BCAF5274BB0E40078D593 /* UIImage+Extension.swift */ = {isa = PBXFileReference; lastKnownFileType = sourcecode.swift; path = "UIImage+Extension.swift"; sourceTree = "<group>"; };
		CD3BCAF8274C1B190078D593 /* Observable.swift */ = {isa = PBXFileReference; lastKnownFileType = sourcecode.swift; path = Observable.swift; sourceTree = "<group>"; };
		CD3BCAFA274C7EF50078D593 /* PhotoFeedViewModel.swift */ = {isa = PBXFileReference; lastKnownFileType = sourcecode.swift; path = PhotoFeedViewModel.swift; sourceTree = "<group>"; };
		CD3BCAFC274C801F0078D593 /* PhotoFeedCollectionViewCellViewModel.swift */ = {isa = PBXFileReference; lastKnownFileType = sourcecode.swift; path = PhotoFeedCollectionViewCellViewModel.swift; sourceTree = "<group>"; };
/* End PBXFileReference section */

/* Begin PBXFrameworksBuildPhase section */
		7648A474274B5B7400AAC9A4 /* Frameworks */ = {
			isa = PBXFrameworksBuildPhase;
			buildActionMask = 2147483647;
			files = (
			);
			runOnlyForDeploymentPostprocessing = 0;
		};
		7648A48D274B5B7900AAC9A4 /* Frameworks */ = {
			isa = PBXFrameworksBuildPhase;
			buildActionMask = 2147483647;
			files = (
			);
			runOnlyForDeploymentPostprocessing = 0;
		};
		7648A497274B5B7900AAC9A4 /* Frameworks */ = {
			isa = PBXFrameworksBuildPhase;
			buildActionMask = 2147483647;
			files = (
			);
			runOnlyForDeploymentPostprocessing = 0;
		};
/* End PBXFrameworksBuildPhase section */

/* Begin PBXGroup section */
		7648A46E274B5B7300AAC9A4 = {
			isa = PBXGroup;
			children = (
				7648A479274B5B7400AAC9A4 /* FlickerAPITask */,
				7648A493274B5B7900AAC9A4 /* FlickerAPITaskTests */,
				7648A49D274B5B7900AAC9A4 /* FlickerAPITaskUITests */,
				7648A478274B5B7400AAC9A4 /* Products */,
			);
			sourceTree = "<group>";
		};
		7648A478274B5B7400AAC9A4 /* Products */ = {
			isa = PBXGroup;
			children = (
				7648A477274B5B7400AAC9A4 /* FlickerAPITask.app */,
				7648A490274B5B7900AAC9A4 /* FlickerAPITaskTests.xctest */,
				7648A49A274B5B7900AAC9A4 /* FlickerAPITaskUITests.xctest */,
			);
			name = Products;
			sourceTree = "<group>";
		};
		7648A479274B5B7400AAC9A4 /* FlickerAPITask */ = {
			isa = PBXGroup;
			children = (
				76AB741B274CA2DB00F577E5 /* Favourites+CoreDataClass.swift */,
				76AB741C274CA2DB00F577E5 /* Favourites+CoreDataProperties.swift */,
				CD3BCAF7274C1B050078D593 /* ViewModel */,
				CD3BCAF2274BB0AF0078D593 /* Extensions */,
				7648A4BA274B663500AAC9A4 /* Supporting Files */,
				7648A4B9274B662900AAC9A4 /* View */,
				7648A4BB274B664100AAC9A4 /* Model */,
				7648A4BC274B664F00AAC9A4 /* Helpers */,
				7648A486274B5B7800AAC9A4 /* Assets.xcassets */,
				7648A488274B5B7800AAC9A4 /* LaunchScreen.storyboard */,
				7648A48B274B5B7800AAC9A4 /* Info.plist */,
				7648A483274B5B7400AAC9A4 /* FlickerAPITask.xcdatamodeld */,
			);
			path = FlickerAPITask;
			sourceTree = "<group>";
		};
		7648A493274B5B7900AAC9A4 /* FlickerAPITaskTests */ = {
			isa = PBXGroup;
			children = (
				7648A494274B5B7900AAC9A4 /* FlickerAPITaskTests.swift */,
			);
			path = FlickerAPITaskTests;
			sourceTree = "<group>";
		};
		7648A49D274B5B7900AAC9A4 /* FlickerAPITaskUITests */ = {
			isa = PBXGroup;
			children = (
				7648A49E274B5B7900AAC9A4 /* FlickerAPITaskUITests.swift */,
				7648A4A0274B5B7900AAC9A4 /* FlickerAPITaskUITestsLaunchTests.swift */,
			);
			path = FlickerAPITaskUITests;
			sourceTree = "<group>";
		};
		7648A4B9274B662900AAC9A4 /* View */ = {
			isa = PBXGroup;
			children = (
				7648A480274B5B7400AAC9A4 /* Main.storyboard */,
				7648A4AF274B5D7000AAC9A4 /* PhotosCollectionViewController.swift */,
				7648A4B1274B5DA000AAC9A4 /* CollectionViewPhotoCell.swift */,
				7648A4B2274B5DA000AAC9A4 /* CollectionViewPhotoCell.xib */,
				7648A4AD274B5C5400AAC9A4 /* TabBarViewController.swift */,
				76AB7417274C9C3900F577E5 /* FavouritesCollectionViewController.swift */,
			);
			path = View;
			sourceTree = "<group>";
		};
		7648A4BA274B663500AAC9A4 /* Supporting Files */ = {
			isa = PBXGroup;
			children = (
				7648A47A274B5B7400AAC9A4 /* AppDelegate.swift */,
				7648A47C274B5B7400AAC9A4 /* SceneDelegate.swift */,
			);
			path = "Supporting Files";
			sourceTree = "<group>";
		};
		7648A4BB274B664100AAC9A4 /* Model */ = {
			isa = PBXGroup;
			children = (
				7648A4B5274B635100AAC9A4 /* PhotoFeed.swift */,
				7648A4BD274B667200AAC9A4 /* PhotoFeedNetworkService.swift */,
			);
			path = Model;
			sourceTree = "<group>";
		};
		7648A4BC274B664F00AAC9A4 /* Helpers */ = {
			isa = PBXGroup;
			children = (
				7648A4B7274B63DA00AAC9A4 /* APIConstants.swift */,
			);
			path = Helpers;
			sourceTree = "<group>";
		};
		CD3BCAF2274BB0AF0078D593 /* Extensions */ = {
			isa = PBXGroup;
			children = (
				76AB7419274CA29E00F577E5 /* Favourites+Extension.swift */,
				CD3BCAF3274BB0BB0078D593 /* UIView+Extension.swift */,
				CD3BCAF5274BB0E40078D593 /* UIImage+Extension.swift */,
			);
			path = Extensions;
			sourceTree = "<group>";
		};
		CD3BCAF7274C1B050078D593 /* ViewModel */ = {
			isa = PBXGroup;
			children = (
				CD3BCAF8274C1B190078D593 /* Observable.swift */,
				CD3BCAFA274C7EF50078D593 /* PhotoFeedViewModel.swift */,
				CD3BCAFC274C801F0078D593 /* PhotoFeedCollectionViewCellViewModel.swift */,
			);
			path = ViewModel;
			sourceTree = "<group>";
		};
/* End PBXGroup section */

/* Begin PBXNativeTarget section */
		7648A476274B5B7400AAC9A4 /* FlickerAPITask */ = {
			isa = PBXNativeTarget;
			buildConfigurationList = 7648A4A4274B5B7900AAC9A4 /* Build configuration list for PBXNativeTarget "FlickerAPITask" */;
			buildPhases = (
				7648A473274B5B7400AAC9A4 /* Sources */,
				7648A474274B5B7400AAC9A4 /* Frameworks */,
				7648A475274B5B7400AAC9A4 /* Resources */,
			);
			buildRules = (
			);
			dependencies = (
			);
			name = FlickerAPITask;
			productName = FlickerAPITask;
			productReference = 7648A477274B5B7400AAC9A4 /* FlickerAPITask.app */;
			productType = "com.apple.product-type.application";
		};
		7648A48F274B5B7900AAC9A4 /* FlickerAPITaskTests */ = {
			isa = PBXNativeTarget;
			buildConfigurationList = 7648A4A7274B5B7900AAC9A4 /* Build configuration list for PBXNativeTarget "FlickerAPITaskTests" */;
			buildPhases = (
				7648A48C274B5B7900AAC9A4 /* Sources */,
				7648A48D274B5B7900AAC9A4 /* Frameworks */,
				7648A48E274B5B7900AAC9A4 /* Resources */,
			);
			buildRules = (
			);
			dependencies = (
				7648A492274B5B7900AAC9A4 /* PBXTargetDependency */,
			);
			name = FlickerAPITaskTests;
			productName = FlickerAPITaskTests;
			productReference = 7648A490274B5B7900AAC9A4 /* FlickerAPITaskTests.xctest */;
			productType = "com.apple.product-type.bundle.unit-test";
		};
		7648A499274B5B7900AAC9A4 /* FlickerAPITaskUITests */ = {
			isa = PBXNativeTarget;
			buildConfigurationList = 7648A4AA274B5B7900AAC9A4 /* Build configuration list for PBXNativeTarget "FlickerAPITaskUITests" */;
			buildPhases = (
				7648A496274B5B7900AAC9A4 /* Sources */,
				7648A497274B5B7900AAC9A4 /* Frameworks */,
				7648A498274B5B7900AAC9A4 /* Resources */,
			);
			buildRules = (
			);
			dependencies = (
				7648A49C274B5B7900AAC9A4 /* PBXTargetDependency */,
			);
			name = FlickerAPITaskUITests;
			productName = FlickerAPITaskUITests;
			productReference = 7648A49A274B5B7900AAC9A4 /* FlickerAPITaskUITests.xctest */;
			productType = "com.apple.product-type.bundle.ui-testing";
		};
/* End PBXNativeTarget section */

/* Begin PBXProject section */
		7648A46F274B5B7300AAC9A4 /* Project object */ = {
			isa = PBXProject;
			attributes = {
				BuildIndependentTargetsInParallel = 1;
				LastSwiftUpdateCheck = 1310;
				LastUpgradeCheck = 1310;
				TargetAttributes = {
					7648A476274B5B7400AAC9A4 = {
						CreatedOnToolsVersion = 13.1;
					};
					7648A48F274B5B7900AAC9A4 = {
						CreatedOnToolsVersion = 13.1;
						TestTargetID = 7648A476274B5B7400AAC9A4;
					};
					7648A499274B5B7900AAC9A4 = {
						CreatedOnToolsVersion = 13.1;
						TestTargetID = 7648A476274B5B7400AAC9A4;
					};
				};
			};
			buildConfigurationList = 7648A472274B5B7400AAC9A4 /* Build configuration list for PBXProject "FlickerAPITask" */;
			compatibilityVersion = "Xcode 13.0";
			developmentRegion = en;
			hasScannedForEncodings = 0;
			knownRegions = (
				en,
				Base,
			);
			mainGroup = 7648A46E274B5B7300AAC9A4;
			productRefGroup = 7648A478274B5B7400AAC9A4 /* Products */;
			projectDirPath = "";
			projectRoot = "";
			targets = (
				7648A476274B5B7400AAC9A4 /* FlickerAPITask */,
				7648A48F274B5B7900AAC9A4 /* FlickerAPITaskTests */,
				7648A499274B5B7900AAC9A4 /* FlickerAPITaskUITests */,
			);
		};
/* End PBXProject section */

/* Begin PBXResourcesBuildPhase section */
		7648A475274B5B7400AAC9A4 /* Resources */ = {
			isa = PBXResourcesBuildPhase;
			buildActionMask = 2147483647;
			files = (
				7648A48A274B5B7800AAC9A4 /* LaunchScreen.storyboard in Resources */,
				7648A4B4274B5DA000AAC9A4 /* CollectionViewPhotoCell.xib in Resources */,
				7648A487274B5B7800AAC9A4 /* Assets.xcassets in Resources */,
				7648A482274B5B7400AAC9A4 /* Main.storyboard in Resources */,
			);
			runOnlyForDeploymentPostprocessing = 0;
		};
		7648A48E274B5B7900AAC9A4 /* Resources */ = {
			isa = PBXResourcesBuildPhase;
			buildActionMask = 2147483647;
			files = (
			);
			runOnlyForDeploymentPostprocessing = 0;
		};
		7648A498274B5B7900AAC9A4 /* Resources */ = {
			isa = PBXResourcesBuildPhase;
			buildActionMask = 2147483647;
			files = (
			);
			runOnlyForDeploymentPostprocessing = 0;
		};
/* End PBXResourcesBuildPhase section */

/* Begin PBXSourcesBuildPhase section */
		7648A473274B5B7400AAC9A4 /* Sources */ = {
			isa = PBXSourcesBuildPhase;
			buildActionMask = 2147483647;
			files = (
				CD3BCAF4274BB0BB0078D593 /* UIView+Extension.swift in Sources */,
				76AB741E274CA2DB00F577E5 /* Favourites+CoreDataProperties.swift in Sources */,
				7648A4AE274B5C5400AAC9A4 /* TabBarViewController.swift in Sources */,
				CD3BCAFD274C801F0078D593 /* PhotoFeedCollectionViewCellViewModel.swift in Sources */,
				76AB741D274CA2DB00F577E5 /* Favourites+CoreDataClass.swift in Sources */,
				76AB7418274C9C3900F577E5 /* FavouritesCollectionViewController.swift in Sources */,
				7648A4BE274B667200AAC9A4 /* PhotoFeedNetworkService.swift in Sources */,
				7648A4B3274B5DA000AAC9A4 /* CollectionViewPhotoCell.swift in Sources */,
				76AB741A274CA29E00F577E5 /* Favourites+Extension.swift in Sources */,
				CD3BCAF9274C1B190078D593 /* Observable.swift in Sources */,
				CD3BCAFB274C7EF50078D593 /* PhotoFeedViewModel.swift in Sources */,
				7648A485274B5B7400AAC9A4 /* FlickerAPITask.xcdatamodeld in Sources */,
				7648A47B274B5B7400AAC9A4 /* AppDelegate.swift in Sources */,
				7648A4B8274B63DA00AAC9A4 /* APIConstants.swift in Sources */,
				7648A4B0274B5D7000AAC9A4 /* PhotosCollectionViewController.swift in Sources */,
				7648A47D274B5B7400AAC9A4 /* SceneDelegate.swift in Sources */,
				CD3BCAF6274BB0E40078D593 /* UIImage+Extension.swift in Sources */,
				7648A4B6274B635100AAC9A4 /* PhotoFeed.swift in Sources */,
			);
			runOnlyForDeploymentPostprocessing = 0;
		};
		7648A48C274B5B7900AAC9A4 /* Sources */ = {
			isa = PBXSourcesBuildPhase;
			buildActionMask = 2147483647;
			files = (
				7648A495274B5B7900AAC9A4 /* FlickerAPITaskTests.swift in Sources */,
			);
			runOnlyForDeploymentPostprocessing = 0;
		};
		7648A496274B5B7900AAC9A4 /* Sources */ = {
			isa = PBXSourcesBuildPhase;
			buildActionMask = 2147483647;
			files = (
				7648A49F274B5B7900AAC9A4 /* FlickerAPITaskUITests.swift in Sources */,
				7648A4A1274B5B7900AAC9A4 /* FlickerAPITaskUITestsLaunchTests.swift in Sources */,
			);
			runOnlyForDeploymentPostprocessing = 0;
		};
/* End PBXSourcesBuildPhase section */

/* Begin PBXTargetDependency section */
		7648A492274B5B7900AAC9A4 /* PBXTargetDependency */ = {
			isa = PBXTargetDependency;
			target = 7648A476274B5B7400AAC9A4 /* FlickerAPITask */;
			targetProxy = 7648A491274B5B7900AAC9A4 /* PBXContainerItemProxy */;
		};
		7648A49C274B5B7900AAC9A4 /* PBXTargetDependency */ = {
			isa = PBXTargetDependency;
			target = 7648A476274B5B7400AAC9A4 /* FlickerAPITask */;
			targetProxy = 7648A49B274B5B7900AAC9A4 /* PBXContainerItemProxy */;
		};
/* End PBXTargetDependency section */

/* Begin PBXVariantGroup section */
		7648A480274B5B7400AAC9A4 /* Main.storyboard */ = {
			isa = PBXVariantGroup;
			children = (
				7648A481274B5B7400AAC9A4 /* Base */,
			);
			name = Main.storyboard;
			sourceTree = "<group>";
		};
		7648A488274B5B7800AAC9A4 /* LaunchScreen.storyboard */ = {
			isa = PBXVariantGroup;
			children = (
				7648A489274B5B7800AAC9A4 /* Base */,
			);
			name = LaunchScreen.storyboard;
			sourceTree = "<group>";
		};
/* End PBXVariantGroup section */

/* Begin XCBuildConfiguration section */
		7648A4A2274B5B7900AAC9A4 /* Debug */ = {
			isa = XCBuildConfiguration;
			buildSettings = {
				ALWAYS_SEARCH_USER_PATHS = NO;
				CLANG_ANALYZER_NONNULL = YES;
				CLANG_ANALYZER_NUMBER_OBJECT_CONVERSION = YES_AGGRESSIVE;
				CLANG_CXX_LANGUAGE_STANDARD = "gnu++17";
				CLANG_CXX_LIBRARY = "libc++";
				CLANG_ENABLE_MODULES = YES;
				CLANG_ENABLE_OBJC_ARC = YES;
				CLANG_ENABLE_OBJC_WEAK = YES;
				CLANG_WARN_BLOCK_CAPTURE_AUTORELEASING = YES;
				CLANG_WARN_BOOL_CONVERSION = YES;
				CLANG_WARN_COMMA = YES;
				CLANG_WARN_CONSTANT_CONVERSION = YES;
				CLANG_WARN_DEPRECATED_OBJC_IMPLEMENTATIONS = YES;
				CLANG_WARN_DIRECT_OBJC_ISA_USAGE = YES_ERROR;
				CLANG_WARN_DOCUMENTATION_COMMENTS = YES;
				CLANG_WARN_EMPTY_BODY = YES;
				CLANG_WARN_ENUM_CONVERSION = YES;
				CLANG_WARN_INFINITE_RECURSION = YES;
				CLANG_WARN_INT_CONVERSION = YES;
				CLANG_WARN_NON_LITERAL_NULL_CONVERSION = YES;
				CLANG_WARN_OBJC_IMPLICIT_RETAIN_SELF = YES;
				CLANG_WARN_OBJC_LITERAL_CONVERSION = YES;
				CLANG_WARN_OBJC_ROOT_CLASS = YES_ERROR;
				CLANG_WARN_QUOTED_INCLUDE_IN_FRAMEWORK_HEADER = YES;
				CLANG_WARN_RANGE_LOOP_ANALYSIS = YES;
				CLANG_WARN_STRICT_PROTOTYPES = YES;
				CLANG_WARN_SUSPICIOUS_MOVE = YES;
				CLANG_WARN_UNGUARDED_AVAILABILITY = YES_AGGRESSIVE;
				CLANG_WARN_UNREACHABLE_CODE = YES;
				CLANG_WARN__DUPLICATE_METHOD_MATCH = YES;
				COPY_PHASE_STRIP = NO;
				DEBUG_INFORMATION_FORMAT = dwarf;
				ENABLE_STRICT_OBJC_MSGSEND = YES;
				ENABLE_TESTABILITY = YES;
				GCC_C_LANGUAGE_STANDARD = gnu11;
				GCC_DYNAMIC_NO_PIC = NO;
				GCC_NO_COMMON_BLOCKS = YES;
				GCC_OPTIMIZATION_LEVEL = 0;
				GCC_PREPROCESSOR_DEFINITIONS = (
					"DEBUG=1",
					"$(inherited)",
				);
				GCC_WARN_64_TO_32_BIT_CONVERSION = YES;
				GCC_WARN_ABOUT_RETURN_TYPE = YES_ERROR;
				GCC_WARN_UNDECLARED_SELECTOR = YES;
				GCC_WARN_UNINITIALIZED_AUTOS = YES_AGGRESSIVE;
				GCC_WARN_UNUSED_FUNCTION = YES;
				GCC_WARN_UNUSED_VARIABLE = YES;
				IPHONEOS_DEPLOYMENT_TARGET = 15.0;
				MTL_ENABLE_DEBUG_INFO = INCLUDE_SOURCE;
				MTL_FAST_MATH = YES;
				ONLY_ACTIVE_ARCH = YES;
				SDKROOT = iphoneos;
				SWIFT_ACTIVE_COMPILATION_CONDITIONS = DEBUG;
				SWIFT_OPTIMIZATION_LEVEL = "-Onone";
			};
			name = Debug;
		};
		7648A4A3274B5B7900AAC9A4 /* Release */ = {
			isa = XCBuildConfiguration;
			buildSettings = {
				ALWAYS_SEARCH_USER_PATHS = NO;
				CLANG_ANALYZER_NONNULL = YES;
				CLANG_ANALYZER_NUMBER_OBJECT_CONVERSION = YES_AGGRESSIVE;
				CLANG_CXX_LANGUAGE_STANDARD = "gnu++17";
				CLANG_CXX_LIBRARY = "libc++";
				CLANG_ENABLE_MODULES = YES;
				CLANG_ENABLE_OBJC_ARC = YES;
				CLANG_ENABLE_OBJC_WEAK = YES;
				CLANG_WARN_BLOCK_CAPTURE_AUTORELEASING = YES;
				CLANG_WARN_BOOL_CONVERSION = YES;
				CLANG_WARN_COMMA = YES;
				CLANG_WARN_CONSTANT_CONVERSION = YES;
				CLANG_WARN_DEPRECATED_OBJC_IMPLEMENTATIONS = YES;
				CLANG_WARN_DIRECT_OBJC_ISA_USAGE = YES_ERROR;
				CLANG_WARN_DOCUMENTATION_COMMENTS = YES;
				CLANG_WARN_EMPTY_BODY = YES;
				CLANG_WARN_ENUM_CONVERSION = YES;
				CLANG_WARN_INFINITE_RECURSION = YES;
				CLANG_WARN_INT_CONVERSION = YES;
				CLANG_WARN_NON_LITERAL_NULL_CONVERSION = YES;
				CLANG_WARN_OBJC_IMPLICIT_RETAIN_SELF = YES;
				CLANG_WARN_OBJC_LITERAL_CONVERSION = YES;
				CLANG_WARN_OBJC_ROOT_CLASS = YES_ERROR;
				CLANG_WARN_QUOTED_INCLUDE_IN_FRAMEWORK_HEADER = YES;
				CLANG_WARN_RANGE_LOOP_ANALYSIS = YES;
				CLANG_WARN_STRICT_PROTOTYPES = YES;
				CLANG_WARN_SUSPICIOUS_MOVE = YES;
				CLANG_WARN_UNGUARDED_AVAILABILITY = YES_AGGRESSIVE;
				CLANG_WARN_UNREACHABLE_CODE = YES;
				CLANG_WARN__DUPLICATE_METHOD_MATCH = YES;
				COPY_PHASE_STRIP = NO;
				DEBUG_INFORMATION_FORMAT = "dwarf-with-dsym";
				ENABLE_NS_ASSERTIONS = NO;
				ENABLE_STRICT_OBJC_MSGSEND = YES;
				GCC_C_LANGUAGE_STANDARD = gnu11;
				GCC_NO_COMMON_BLOCKS = YES;
				GCC_WARN_64_TO_32_BIT_CONVERSION = YES;
				GCC_WARN_ABOUT_RETURN_TYPE = YES_ERROR;
				GCC_WARN_UNDECLARED_SELECTOR = YES;
				GCC_WARN_UNINITIALIZED_AUTOS = YES_AGGRESSIVE;
				GCC_WARN_UNUSED_FUNCTION = YES;
				GCC_WARN_UNUSED_VARIABLE = YES;
				IPHONEOS_DEPLOYMENT_TARGET = 15.0;
				MTL_ENABLE_DEBUG_INFO = NO;
				MTL_FAST_MATH = YES;
				SDKROOT = iphoneos;
				SWIFT_COMPILATION_MODE = wholemodule;
				SWIFT_OPTIMIZATION_LEVEL = "-O";
				VALIDATE_PRODUCT = YES;
			};
			name = Release;
		};
		7648A4A5274B5B7900AAC9A4 /* Debug */ = {
			isa = XCBuildConfiguration;
			buildSettings = {
				ASSETCATALOG_COMPILER_APPICON_NAME = AppIcon;
				ASSETCATALOG_COMPILER_GLOBAL_ACCENT_COLOR_NAME = AccentColor;
				CODE_SIGN_STYLE = Automatic;
				CURRENT_PROJECT_VERSION = 1;
				GENERATE_INFOPLIST_FILE = YES;
				INFOPLIST_FILE = FlickerAPITask/Info.plist;
				INFOPLIST_KEY_UIApplicationSupportsIndirectInputEvents = YES;
				INFOPLIST_KEY_UILaunchStoryboardName = LaunchScreen;
				INFOPLIST_KEY_UIMainStoryboardFile = Main;
				INFOPLIST_KEY_UISupportedInterfaceOrientations_iPad = "UIInterfaceOrientationPortrait UIInterfaceOrientationPortraitUpsideDown UIInterfaceOrientationLandscapeLeft UIInterfaceOrientationLandscapeRight";
				INFOPLIST_KEY_UISupportedInterfaceOrientations_iPhone = "UIInterfaceOrientationPortrait UIInterfaceOrientationLandscapeLeft UIInterfaceOrientationLandscapeRight";
				LD_RUNPATH_SEARCH_PATHS = (
					"$(inherited)",
					"@executable_path/Frameworks",
				);
				MARKETING_VERSION = 1.0;
				PRODUCT_BUNDLE_IDENTIFIER = com.takasurazeem.FlickerAPITask;
				PRODUCT_NAME = "$(TARGET_NAME)";
				SWIFT_EMIT_LOC_STRINGS = YES;
				SWIFT_VERSION = 5.0;
				TARGETED_DEVICE_FAMILY = "1,2";
			};
			name = Debug;
		};
		7648A4A6274B5B7900AAC9A4 /* Release */ = {
			isa = XCBuildConfiguration;
			buildSettings = {
				ASSETCATALOG_COMPILER_APPICON_NAME = AppIcon;
				ASSETCATALOG_COMPILER_GLOBAL_ACCENT_COLOR_NAME = AccentColor;
				CODE_SIGN_STYLE = Automatic;
				CURRENT_PROJECT_VERSION = 1;
				GENERATE_INFOPLIST_FILE = YES;
				INFOPLIST_FILE = FlickerAPITask/Info.plist;
				INFOPLIST_KEY_UIApplicationSupportsIndirectInputEvents = YES;
				INFOPLIST_KEY_UILaunchStoryboardName = LaunchScreen;
				INFOPLIST_KEY_UIMainStoryboardFile = Main;
				INFOPLIST_KEY_UISupportedInterfaceOrientations_iPad = "UIInterfaceOrientationPortrait UIInterfaceOrientationPortraitUpsideDown UIInterfaceOrientationLandscapeLeft UIInterfaceOrientationLandscapeRight";
				INFOPLIST_KEY_UISupportedInterfaceOrientations_iPhone = "UIInterfaceOrientationPortrait UIInterfaceOrientationLandscapeLeft UIInterfaceOrientationLandscapeRight";
				LD_RUNPATH_SEARCH_PATHS = (
					"$(inherited)",
					"@executable_path/Frameworks",
				);
				MARKETING_VERSION = 1.0;
				PRODUCT_BUNDLE_IDENTIFIER = com.takasurazeem.FlickerAPITask;
				PRODUCT_NAME = "$(TARGET_NAME)";
				SWIFT_EMIT_LOC_STRINGS = YES;
				SWIFT_VERSION = 5.0;
				TARGETED_DEVICE_FAMILY = "1,2";
			};
			name = Release;
		};
		7648A4A8274B5B7900AAC9A4 /* Debug */ = {
			isa = XCBuildConfiguration;
			buildSettings = {
				ALWAYS_EMBED_SWIFT_STANDARD_LIBRARIES = YES;
				BUNDLE_LOADER = "$(TEST_HOST)";
				CODE_SIGN_STYLE = Automatic;
				CURRENT_PROJECT_VERSION = 1;
				GENERATE_INFOPLIST_FILE = YES;
				IPHONEOS_DEPLOYMENT_TARGET = 15.0;
				LD_RUNPATH_SEARCH_PATHS = (
					"$(inherited)",
					"@executable_path/Frameworks",
					"@loader_path/Frameworks",
				);
				MARKETING_VERSION = 1.0;
				PRODUCT_BUNDLE_IDENTIFIER = com.takasurazeem.FlickerAPITaskTests;
				PRODUCT_NAME = "$(TARGET_NAME)";
				SWIFT_EMIT_LOC_STRINGS = NO;
				SWIFT_VERSION = 5.0;
				TARGETED_DEVICE_FAMILY = "1,2";
				TEST_HOST = "$(BUILT_PRODUCTS_DIR)/FlickerAPITask.app/FlickerAPITask";
			};
			name = Debug;
		};
		7648A4A9274B5B7900AAC9A4 /* Release */ = {
			isa = XCBuildConfiguration;
			buildSettings = {
				ALWAYS_EMBED_SWIFT_STANDARD_LIBRARIES = YES;
				BUNDLE_LOADER = "$(TEST_HOST)";
				CODE_SIGN_STYLE = Automatic;
				CURRENT_PROJECT_VERSION = 1;
				GENERATE_INFOPLIST_FILE = YES;
				IPHONEOS_DEPLOYMENT_TARGET = 15.0;
				LD_RUNPATH_SEARCH_PATHS = (
					"$(inherited)",
					"@executable_path/Frameworks",
					"@loader_path/Frameworks",
				);
				MARKETING_VERSION = 1.0;
				PRODUCT_BUNDLE_IDENTIFIER = com.takasurazeem.FlickerAPITaskTests;
				PRODUCT_NAME = "$(TARGET_NAME)";
				SWIFT_EMIT_LOC_STRINGS = NO;
				SWIFT_VERSION = 5.0;
				TARGETED_DEVICE_FAMILY = "1,2";
				TEST_HOST = "$(BUILT_PRODUCTS_DIR)/FlickerAPITask.app/FlickerAPITask";
			};
			name = Release;
		};
		7648A4AB274B5B7900AAC9A4 /* Debug */ = {
			isa = XCBuildConfiguration;
			buildSettings = {
				ALWAYS_EMBED_SWIFT_STANDARD_LIBRARIES = YES;
				CODE_SIGN_STYLE = Automatic;
				CURRENT_PROJECT_VERSION = 1;
				GENERATE_INFOPLIST_FILE = YES;
				LD_RUNPATH_SEARCH_PATHS = (
					"$(inherited)",
					"@executable_path/Frameworks",
					"@loader_path/Frameworks",
				);
				MARKETING_VERSION = 1.0;
				PRODUCT_BUNDLE_IDENTIFIER = com.takasurazeem.FlickerAPITaskUITests;
				PRODUCT_NAME = "$(TARGET_NAME)";
				SWIFT_EMIT_LOC_STRINGS = NO;
				SWIFT_VERSION = 5.0;
				TARGETED_DEVICE_FAMILY = "1,2";
				TEST_TARGET_NAME = FlickerAPITask;
			};
			name = Debug;
		};
		7648A4AC274B5B7900AAC9A4 /* Release */ = {
			isa = XCBuildConfiguration;
			buildSettings = {
				ALWAYS_EMBED_SWIFT_STANDARD_LIBRARIES = YES;
				CODE_SIGN_STYLE = Automatic;
				CURRENT_PROJECT_VERSION = 1;
				GENERATE_INFOPLIST_FILE = YES;
				LD_RUNPATH_SEARCH_PATHS = (
					"$(inherited)",
					"@executable_path/Frameworks",
					"@loader_path/Frameworks",
				);
				MARKETING_VERSION = 1.0;
				PRODUCT_BUNDLE_IDENTIFIER = com.takasurazeem.FlickerAPITaskUITests;
				PRODUCT_NAME = "$(TARGET_NAME)";
				SWIFT_EMIT_LOC_STRINGS = NO;
				SWIFT_VERSION = 5.0;
				TARGETED_DEVICE_FAMILY = "1,2";
				TEST_TARGET_NAME = FlickerAPITask;
			};
			name = Release;
		};
/* End XCBuildConfiguration section */

/* Begin XCConfigurationList section */
		7648A472274B5B7400AAC9A4 /* Build configuration list for PBXProject "FlickerAPITask" */ = {
			isa = XCConfigurationList;
			buildConfigurations = (
				7648A4A2274B5B7900AAC9A4 /* Debug */,
				7648A4A3274B5B7900AAC9A4 /* Release */,
			);
			defaultConfigurationIsVisible = 0;
			defaultConfigurationName = Release;
		};
		7648A4A4274B5B7900AAC9A4 /* Build configuration list for PBXNativeTarget "FlickerAPITask" */ = {
			isa = XCConfigurationList;
			buildConfigurations = (
				7648A4A5274B5B7900AAC9A4 /* Debug */,
				7648A4A6274B5B7900AAC9A4 /* Release */,
			);
			defaultConfigurationIsVisible = 0;
			defaultConfigurationName = Release;
		};
		7648A4A7274B5B7900AAC9A4 /* Build configuration list for PBXNativeTarget "FlickerAPITaskTests" */ = {
			isa = XCConfigurationList;
			buildConfigurations = (
				7648A4A8274B5B7900AAC9A4 /* Debug */,
				7648A4A9274B5B7900AAC9A4 /* Release */,
			);
			defaultConfigurationIsVisible = 0;
			defaultConfigurationName = Release;
		};
		7648A4AA274B5B7900AAC9A4 /* Build configuration list for PBXNativeTarget "FlickerAPITaskUITests" */ = {
			isa = XCConfigurationList;
			buildConfigurations = (
				7648A4AB274B5B7900AAC9A4 /* Debug */,
				7648A4AC274B5B7900AAC9A4 /* Release */,
			);
			defaultConfigurationIsVisible = 0;
			defaultConfigurationName = Release;
		};
/* End XCConfigurationList section */

/* Begin XCVersionGroup section */
		7648A483274B5B7400AAC9A4 /* FlickerAPITask.xcdatamodeld */ = {
			isa = XCVersionGroup;
			children = (
				7648A484274B5B7400AAC9A4 /* FlickerAPITask.xcdatamodel */,
			);
			currentVersion = 7648A484274B5B7400AAC9A4 /* FlickerAPITask.xcdatamodel */;
			path = FlickerAPITask.xcdatamodeld;
			sourceTree = "<group>";
			versionGroupType = wrapper.xcdatamodel;
		};
/* End XCVersionGroup section */
	};
	rootObject = 7648A46F274B5B7300AAC9A4 /* Project object */;
}
